// !$*UTF8*$!
{
	archiveVersion = 1;
	classes = {
	};
	objectVersion = 56;
	objects = {

/* Begin PBXBuildFile section */
		001 /* PhotoSyncApp.swift in Sources */ = {isa = PBXBuildFile; fileRef = 101 /* PhotoSyncApp.swift */; };
		002 /* ContentView.swift in Sources */ = {isa = PBXBuildFile; fileRef = 102 /* ContentView.swift */; };
		003 /* Assets.xcassets in Resources */ = {isa = PBXBuildFile; fileRef = 103 /* Assets.xcassets */; };
		004 /* Photo.swift in Sources */ = {isa = PBXBuildFile; fileRef = 104 /* Photo.swift */; };
		005 /* SyncedPhoto.swift in Sources */ = {isa = PBXBuildFile; fileRef = 105 /* SyncedPhoto.swift */; };
		006 /* Settings.swift in Sources */ = {isa = PBXBuildFile; fileRef = 106 /* Settings.swift */; };
		007 /* APIModels.swift in Sources */ = {isa = PBXBuildFile; fileRef = 107 /* APIModels.swift */; };
		008 /* PhotoLibraryService.swift in Sources */ = {isa = PBXBuildFile; fileRef = 108 /* PhotoLibraryService.swift */; };
		009 /* APIService.swift in Sources */ = {isa = PBXBuildFile; fileRef = 109 /* APIService.swift */; };
		010 /* SyncService.swift in Sources */ = {isa = PBXBuildFile; fileRef = 110 /* SyncService.swift */; };
		011 /* PersistenceController.swift in Sources */ = {isa = PBXBuildFile; fileRef = 111 /* PersistenceController.swift */; };
		012 /* PhotoSync.xcdatamodeld in Sources */ = {isa = PBXBuildFile; fileRef = 112 /* PhotoSync.xcdatamodeld */; };
		013 /* GalleryView.swift in Sources */ = {isa = PBXBuildFile; fileRef = 113 /* GalleryView.swift */; };
		014 /* GalleryViewModel.swift in Sources */ = {isa = PBXBuildFile; fileRef = 114 /* GalleryViewModel.swift */; };
		015 /* SettingsView.swift in Sources */ = {isa = PBXBuildFile; fileRef = 115 /* SettingsView.swift */; };
		016 /* SettingsViewModel.swift in Sources */ = {isa = PBXBuildFile; fileRef = 116 /* SettingsViewModel.swift */; };
		01613EC47586276951EB5225 /* LogsView.swift in Sources */ = {isa = PBXBuildFile; fileRef = 1D2E1A7148056F980C94BD46 /* LogsView.swift */; };
		017 /* PhotoGridItem.swift in Sources */ = {isa = PBXBuildFile; fileRef = 117 /* PhotoGridItem.swift */; };
		018 /* SyncProgressView.swift in Sources */ = {isa = PBXBuildFile; fileRef = 118 /* SyncProgressView.swift */; };
		019 /* HashService.swift in Sources */ = {isa = PBXBuildFile; fileRef = 120 /* HashService.swift */; };
		05A1EC897CB38A41FA691785 /* ServerPhotosView.swift in Sources */ = {isa = PBXBuildFile; fileRef = B5FD23A19B64C4368E913C08 /* ServerPhotosView.swift */; };
		0CECD8DD7FC44C78BCDCACE1 /* AutoSyncManager.swift in Sources */ = {isa = PBXBuildFile; fileRef = 33D1000C7B144AF94BD1C2C3 /* AutoSyncManager.swift */; };
		251C4D0A8F4BFE0122CEEEBE /* Logger.swift in Sources */ = {isa = PBXBuildFile; fileRef = F4DCDC25052A126FAC4725B5 /* Logger.swift */; };
		30BF3715543B02E330296D8F /* FirebaseCore in Frameworks */ = {isa = PBXBuildFile; productRef = 401C2F0F51DB6ED8498ADD65 /* FirebaseCore */; };
		41FD3E0C9D4BA2BBE9388B13 /* AppDelegate.swift in Sources */ = {isa = PBXBuildFile; fileRef = 477008FDF921B346D977CBC1 /* AppDelegate.swift */; };
		51E8C094DE4B61FB753A96E6 /* NotificationService.swift in Sources */ = {isa = PBXBuildFile; fileRef = 45DA4BF7D6A1C201229B5824 /* NotificationService.swift */; };
		666FE7D5F37C28A61F404649 /* AuthRequestView.swift in Sources */ = {isa = PBXBuildFile; fileRef = 9CADAB7A8BB5053422DB76A4 /* AuthRequestView.swift */; };
		A6E22313262E380E02CFB53A /* CollectionsView.swift in Sources */ = {isa = PBXBuildFile; fileRef = 94B7393A715D37AF94FA60FC /* CollectionsView.swift */; };
		AACE4F2065BC38D06DF7815E /* IgnoredPhoto.swift in Sources */ = {isa = PBXBuildFile; fileRef = 2DC5B224E4E4D737B5F5CA80 /* IgnoredPhoto.swift */; };
		AF88CE17B42F714FA1537B22 /* ServerPhotoService.swift in Sources */ = {isa = PBXBuildFile; fileRef = 6F47765F44238D87D40854AB /* ServerPhotoService.swift */; };
		B7A4E45BF8FC4937F81CCB45 /* ServerPhotosViewModel.swift in Sources */ = {isa = PBXBuildFile; fileRef = DE1110A9E6C7FF643F727E8D /* ServerPhotosViewModel.swift */; };
		C9F93724387E41977CA795AC /* CrashReportView.swift in Sources */ = {isa = PBXBuildFile; fileRef = BFB9AFC32C32E5CD9C3D9844 /* CrashReportView.swift */; };
		DDD96A346BA2A8A75979D16A /* GoogleService-Info.plist in Resources */ = {isa = PBXBuildFile; fileRef = 284C7AE3EE5F62B7841C19BB /* GoogleService-Info.plist */; };
		E228E7E4BE8222916A072D5A /* PhotoCollection.swift in Sources */ = {isa = PBXBuildFile; fileRef = D6A94B3F5D81F581778CBCA6 /* PhotoCollection.swift */; };
		EFAAC606454A8775376371B3 /* KeychainService.swift in Sources */ = {isa = PBXBuildFile; fileRef = 72D185D39309C1A85B79218B /* KeychainService.swift */; };
		F30403FE4297D8869C8E7130 /* DeleteRequestView.swift in Sources */ = {isa = PBXBuildFile; fileRef = B352E8572DACCBD36304D418 /* DeleteRequestView.swift */; };
		FD9049720DA6D238C74D178B /* FirebaseMessaging in Frameworks */ = {isa = PBXBuildFile; productRef = 56006064295AB90360215AC0 /* FirebaseMessaging */; };
		T001 /* SettingsViewModelTests.swift in Sources */ = {isa = PBXBuildFile; fileRef = T101 /* SettingsViewModelTests.swift */; };
		T002 /* SyncProgressTests.swift in Sources */ = {isa = PBXBuildFile; fileRef = T102 /* SyncProgressTests.swift */; };
		T003 /* APIModelsTests.swift in Sources */ = {isa = PBXBuildFile; fileRef = T103 /* APIModelsTests.swift */; };
		T004 /* PhotoModelTests.swift in Sources */ = {isa = PBXBuildFile; fileRef = T104 /* PhotoModelTests.swift */; };
		T005 /* HashServiceTests.swift in Sources */ = {isa = PBXBuildFile; fileRef = T105 /* HashServiceTests.swift */; };
/* End PBXBuildFile section */

/* Begin PBXContainerItemProxy section */
		T200 /* PBXContainerItemProxy */ = {
			isa = PBXContainerItemProxy;
			containerPortal = 500 /* Project object */;
			proxyType = 1;
			remoteGlobalIDString = 300;
			remoteInfo = PhotoSync;
		};
/* End PBXContainerItemProxy section */

/* Begin PBXFileReference section */
		100 /* PhotoSync.app */ = {isa = PBXFileReference; explicitFileType = wrapper.application; includeInIndex = 0; path = PhotoSync.app; sourceTree = BUILT_PRODUCTS_DIR; };
		101 /* PhotoSyncApp.swift */ = {isa = PBXFileReference; lastKnownFileType = sourcecode.swift; path = PhotoSyncApp.swift; sourceTree = "<group>"; };
		102 /* ContentView.swift */ = {isa = PBXFileReference; lastKnownFileType = sourcecode.swift; path = ContentView.swift; sourceTree = "<group>"; };
		103 /* Assets.xcassets */ = {isa = PBXFileReference; lastKnownFileType = folder.assetcatalog; path = Assets.xcassets; sourceTree = "<group>"; };
		104 /* Photo.swift */ = {isa = PBXFileReference; lastKnownFileType = sourcecode.swift; path = Photo.swift; sourceTree = "<group>"; };
		105 /* SyncedPhoto.swift */ = {isa = PBXFileReference; lastKnownFileType = sourcecode.swift; path = SyncedPhoto.swift; sourceTree = "<group>"; };
		106 /* Settings.swift */ = {isa = PBXFileReference; lastKnownFileType = sourcecode.swift; path = Settings.swift; sourceTree = "<group>"; };
		107 /* APIModels.swift */ = {isa = PBXFileReference; lastKnownFileType = sourcecode.swift; path = APIModels.swift; sourceTree = "<group>"; };
		108 /* PhotoLibraryService.swift */ = {isa = PBXFileReference; lastKnownFileType = sourcecode.swift; path = PhotoLibraryService.swift; sourceTree = "<group>"; };
		109 /* APIService.swift */ = {isa = PBXFileReference; lastKnownFileType = sourcecode.swift; path = APIService.swift; sourceTree = "<group>"; };
		110 /* SyncService.swift */ = {isa = PBXFileReference; lastKnownFileType = sourcecode.swift; path = SyncService.swift; sourceTree = "<group>"; };
		111 /* PersistenceController.swift */ = {isa = PBXFileReference; lastKnownFileType = sourcecode.swift; path = PersistenceController.swift; sourceTree = "<group>"; };
		112 /* PhotoSync.xcdatamodeld */ = {isa = PBXFileReference; lastKnownFileType = wrapper.xcdatamodeld; path = PhotoSync.xcdatamodeld; sourceTree = "<group>"; };
		113 /* GalleryView.swift */ = {isa = PBXFileReference; lastKnownFileType = sourcecode.swift; path = GalleryView.swift; sourceTree = "<group>"; };
		114 /* GalleryViewModel.swift */ = {isa = PBXFileReference; lastKnownFileType = sourcecode.swift; path = GalleryViewModel.swift; sourceTree = "<group>"; };
		115 /* SettingsView.swift */ = {isa = PBXFileReference; lastKnownFileType = sourcecode.swift; path = SettingsView.swift; sourceTree = "<group>"; };
		116 /* SettingsViewModel.swift */ = {isa = PBXFileReference; lastKnownFileType = sourcecode.swift; path = SettingsViewModel.swift; sourceTree = "<group>"; };
		117 /* PhotoGridItem.swift */ = {isa = PBXFileReference; lastKnownFileType = sourcecode.swift; path = PhotoGridItem.swift; sourceTree = "<group>"; };
		118 /* SyncProgressView.swift */ = {isa = PBXFileReference; lastKnownFileType = sourcecode.swift; path = SyncProgressView.swift; sourceTree = "<group>"; };
		119 /* Info.plist */ = {isa = PBXFileReference; lastKnownFileType = text.plist.xml; path = Info.plist; sourceTree = "<group>"; };
		120 /* HashService.swift */ = {isa = PBXFileReference; lastKnownFileType = sourcecode.swift; path = HashService.swift; sourceTree = "<group>"; };
		1D2E1A7148056F980C94BD46 /* LogsView.swift */ = {isa = PBXFileReference; includeInIndex = 1; lastKnownFileType = sourcecode.swift; name = LogsView.swift; path = LogsView.swift; sourceTree = "<group>"; };
		284C7AE3EE5F62B7841C19BB /* GoogleService-Info.plist */ = {isa = PBXFileReference; includeInIndex = 1; lastKnownFileType = text.plist.xml; name = "GoogleService-Info.plist"; path = "GoogleService-Info.plist"; sourceTree = "<group>"; };
		2DC5B224E4E4D737B5F5CA80 /* IgnoredPhoto.swift */ = {isa = PBXFileReference; includeInIndex = 1; lastKnownFileType = sourcecode.swift; path = IgnoredPhoto.swift; sourceTree = "<group>"; };
		33D1000C7B144AF94BD1C2C3 /* AutoSyncManager.swift */ = {isa = PBXFileReference; includeInIndex = 1; lastKnownFileType = sourcecode.swift; path = AutoSyncManager.swift; sourceTree = "<group>"; };
		45DA4BF7D6A1C201229B5824 /* NotificationService.swift */ = {isa = PBXFileReference; includeInIndex = 1; lastKnownFileType = sourcecode.swift; path = NotificationService.swift; sourceTree = "<group>"; };
		477008FDF921B346D977CBC1 /* AppDelegate.swift */ = {isa = PBXFileReference; includeInIndex = 1; lastKnownFileType = sourcecode.swift; path = AppDelegate.swift; sourceTree = "<group>"; };
		6F47765F44238D87D40854AB /* ServerPhotoService.swift */ = {isa = PBXFileReference; includeInIndex = 1; lastKnownFileType = sourcecode.swift; path = ServerPhotoService.swift; sourceTree = "<group>"; };
		72D185D39309C1A85B79218B /* KeychainService.swift */ = {isa = PBXFileReference; includeInIndex = 1; lastKnownFileType = sourcecode.swift; path = KeychainService.swift; sourceTree = "<group>"; };
		82A9CEC6D42B4F5EEE0D2122 /* PhotoSync.entitlements */ = {isa = PBXFileReference; includeInIndex = 1; lastKnownFileType = text.plist.entitlements; path = PhotoSync.entitlements; sourceTree = "<group>"; };
		94B7393A715D37AF94FA60FC /* CollectionsView.swift */ = {isa = PBXFileReference; includeInIndex = 1; lastKnownFileType = sourcecode.swift; path = CollectionsView.swift; sourceTree = "<group>"; };
		9CADAB7A8BB5053422DB76A4 /* AuthRequestView.swift */ = {isa = PBXFileReference; includeInIndex = 1; lastKnownFileType = sourcecode.swift; path = AuthRequestView.swift; sourceTree = "<group>"; };
		B352E8572DACCBD36304D418 /* DeleteRequestView.swift */ = {isa = PBXFileReference; includeInIndex = 1; lastKnownFileType = sourcecode.swift; path = DeleteRequestView.swift; sourceTree = "<group>"; };
		B5FD23A19B64C4368E913C08 /* ServerPhotosView.swift */ = {isa = PBXFileReference; includeInIndex = 1; lastKnownFileType = sourcecode.swift; path = ServerPhotosView.swift; sourceTree = "<group>"; };
		BFB9AFC32C32E5CD9C3D9844 /* CrashReportView.swift */ = {isa = PBXFileReference; includeInIndex = 1; lastKnownFileType = sourcecode.swift; name = CrashReportView.swift; path = CrashReportView.swift; sourceTree = "<group>"; };
		D6A94B3F5D81F581778CBCA6 /* PhotoCollection.swift */ = {isa = PBXFileReference; includeInIndex = 1; lastKnownFileType = sourcecode.swift; path = PhotoCollection.swift; sourceTree = "<group>"; };
		DE1110A9E6C7FF643F727E8D /* ServerPhotosViewModel.swift */ = {isa = PBXFileReference; includeInIndex = 1; lastKnownFileType = sourcecode.swift; path = ServerPhotosViewModel.swift; sourceTree = "<group>"; };
		F4DCDC25052A126FAC4725B5 /* Logger.swift */ = {isa = PBXFileReference; includeInIndex = 1; lastKnownFileType = sourcecode.swift; name = Logger.swift; path = Logger.swift; sourceTree = "<group>"; };
		T100 /* PhotoSyncTests.xctest */ = {isa = PBXFileReference; explicitFileType = wrapper.cfbundle; includeInIndex = 0; path = PhotoSyncTests.xctest; sourceTree = BUILT_PRODUCTS_DIR; };
		T101 /* SettingsViewModelTests.swift */ = {isa = PBXFileReference; lastKnownFileType = sourcecode.swift; path = SettingsViewModelTests.swift; sourceTree = "<group>"; };
		T102 /* SyncProgressTests.swift */ = {isa = PBXFileReference; lastKnownFileType = sourcecode.swift; path = SyncProgressTests.swift; sourceTree = "<group>"; };
		T103 /* APIModelsTests.swift */ = {isa = PBXFileReference; lastKnownFileType = sourcecode.swift; path = APIModelsTests.swift; sourceTree = "<group>"; };
		T104 /* PhotoModelTests.swift */ = {isa = PBXFileReference; lastKnownFileType = sourcecode.swift; path = PhotoModelTests.swift; sourceTree = "<group>"; };
		T105 /* HashServiceTests.swift */ = {isa = PBXFileReference; lastKnownFileType = sourcecode.swift; path = HashServiceTests.swift; sourceTree = "<group>"; };
		T106 /* Info.plist */ = {isa = PBXFileReference; lastKnownFileType = text.plist.xml; path = Info.plist; sourceTree = "<group>"; };
/* End PBXFileReference section */

/* Begin PBXFrameworksBuildPhase section */
		16F9E798D9525702085B9C81 /* Frameworks */ = {
			isa = PBXFrameworksBuildPhase;
			buildActionMask = 2147483647;
			files = (
				30BF3715543B02E330296D8F /* FirebaseCore in Frameworks */,
				FD9049720DA6D238C74D178B /* FirebaseMessaging in Frameworks */,
			);
			runOnlyForDeploymentPostprocessing = 0;
		};
		T301 /* Frameworks */ = {
			isa = PBXFrameworksBuildPhase;
			buildActionMask = 2147483647;
			files = (
			);
			runOnlyForDeploymentPostprocessing = 0;
		};
/* End PBXFrameworksBuildPhase section */

/* Begin PBXGroup section */
		1F8D7B4E767A1D29D23225A8 /* Utilities */ = {
			isa = PBXGroup;
			children = (
			);
			name = Utilities;
			path = Utilities;
			sourceTree = "<group>";
		};
		200 = {
			isa = PBXGroup;
			children = (
				201 /* PhotoSync */,
				T201 /* PhotoSyncTests */,
				100 /* PhotoSync.app */,
				T100 /* PhotoSyncTests.xctest */,
			);
			sourceTree = "<group>";
		};
		201 /* PhotoSync */ = {
			isa = PBXGroup;
			children = (
				101 /* PhotoSyncApp.swift */,
				102 /* ContentView.swift */,
				119 /* Info.plist */,
				103 /* Assets.xcassets */,
				202 /* Models */,
				203 /* Views */,
				204 /* ViewModels */,
				205 /* Services */,
				206 /* Persistence */,
				1F8D7B4E767A1D29D23225A8 /* Utilities */,
				477008FDF921B346D977CBC1 /* AppDelegate.swift */,
				284C7AE3EE5F62B7841C19BB /* GoogleService-Info.plist */,
				82A9CEC6D42B4F5EEE0D2122 /* PhotoSync.entitlements */,
			);
			path = PhotoSync;
			sourceTree = "<group>";
		};
		202 /* Models */ = {
			isa = PBXGroup;
			children = (
				104 /* Photo.swift */,
				105 /* SyncedPhoto.swift */,
				106 /* Settings.swift */,
				107 /* APIModels.swift */,
				2DC5B224E4E4D737B5F5CA80 /* IgnoredPhoto.swift */,
				D6A94B3F5D81F581778CBCA6 /* PhotoCollection.swift */,
			);
			path = Models;
			sourceTree = "<group>";
		};
		203 /* Views */ = {
			isa = PBXGroup;
			children = (
				113 /* GalleryView.swift */,
				115 /* SettingsView.swift */,
				117 /* PhotoGridItem.swift */,
				118 /* SyncProgressView.swift */,
				1D2E1A7148056F980C94BD46 /* LogsView.swift */,
				BFB9AFC32C32E5CD9C3D9844 /* CrashReportView.swift */,
				94B7393A715D37AF94FA60FC /* CollectionsView.swift */,
				9CADAB7A8BB5053422DB76A4 /* AuthRequestView.swift */,
				B352E8572DACCBD36304D418 /* DeleteRequestView.swift */,
				B5FD23A19B64C4368E913C08 /* ServerPhotosView.swift */,
			);
			path = Views;
			sourceTree = "<group>";
		};
		204 /* ViewModels */ = {
			isa = PBXGroup;
			children = (
				114 /* GalleryViewModel.swift */,
				116 /* SettingsViewModel.swift */,
				DE1110A9E6C7FF643F727E8D /* ServerPhotosViewModel.swift */,
			);
			path = ViewModels;
			sourceTree = "<group>";
		};
		205 /* Services */ = {
			isa = PBXGroup;
			children = (
				108 /* PhotoLibraryService.swift */,
				109 /* APIService.swift */,
				110 /* SyncService.swift */,
				120 /* HashService.swift */,
				F4DCDC25052A126FAC4725B5 /* Logger.swift */,
				72D185D39309C1A85B79218B /* KeychainService.swift */,
				45DA4BF7D6A1C201229B5824 /* NotificationService.swift */,
				33D1000C7B144AF94BD1C2C3 /* AutoSyncManager.swift */,
				6F47765F44238D87D40854AB /* ServerPhotoService.swift */,
			);
			path = Services;
			sourceTree = "<group>";
		};
		206 /* Persistence */ = {
			isa = PBXGroup;
			children = (
				111 /* PersistenceController.swift */,
				112 /* PhotoSync.xcdatamodeld */,
			);
			path = Persistence;
			sourceTree = "<group>";
		};
		T201 /* PhotoSyncTests */ = {
			isa = PBXGroup;
			children = (
				T101 /* SettingsViewModelTests.swift */,
				T102 /* SyncProgressTests.swift */,
				T103 /* APIModelsTests.swift */,
				T104 /* PhotoModelTests.swift */,
				T105 /* HashServiceTests.swift */,
				T106 /* Info.plist */,
			);
			path = PhotoSyncTests;
			sourceTree = "<group>";
		};
/* End PBXGroup section */

/* Begin PBXNativeTarget section */
		300 /* PhotoSync */ = {
			isa = PBXNativeTarget;
			buildConfigurationList = 400 /* Build configuration list for PBXNativeTarget "PhotoSync" */;
			buildPhases = (
				301 /* Sources */,
				302 /* Resources */,
				16F9E798D9525702085B9C81 /* Frameworks */,
			);
			buildRules = (
			);
			dependencies = (
			);
			name = PhotoSync;
			packageProductDependencies = (
				401C2F0F51DB6ED8498ADD65 /* FirebaseCore */,
				56006064295AB90360215AC0 /* FirebaseMessaging */,
			);
			productName = PhotoSync;
			productReference = 100 /* PhotoSync.app */;
			productType = "com.apple.product-type.application";
		};
		T300 /* PhotoSyncTests */ = {
			isa = PBXNativeTarget;
			buildConfigurationList = T400 /* Build configuration list for PBXNativeTarget "PhotoSyncTests" */;
			buildPhases = (
				T302 /* Sources */,
				T301 /* Frameworks */,
			);
			buildRules = (
			);
			dependencies = (
				T303 /* PBXTargetDependency */,
			);
			name = PhotoSyncTests;
			productName = PhotoSyncTests;
			productReference = T100 /* PhotoSyncTests.xctest */;
			productType = "com.apple.product-type.bundle.unit-test";
		};
/* End PBXNativeTarget section */

/* Begin PBXProject section */
		500 /* Project object */ = {
			isa = PBXProject;
			attributes = {
				BuildIndependentTargetsInParallel = 1;
				LastSwiftUpdateCheck = 1500;
				LastUpgradeCheck = 1500;
				TargetAttributes = {
					300 = {
						CreatedOnToolsVersion = 15.0;
						SystemCapabilities = {
							com.apple.Push = {
								enabled = 1;
							};
						};
					};
					T300 = {
						CreatedOnToolsVersion = 15.0;
						TestTargetID = 300;
					};
				};
			};
			buildConfigurationList = 501 /* Build configuration list for PBXProject "PhotoSync" */;
			compatibilityVersion = "Xcode 14.0";
			developmentRegion = en;
			hasScannedForEncodings = 0;
			knownRegions = (
				en,
				Base,
			);
			mainGroup = 200;
			packageReferences = (
				FE3B10CF66F5582EEA092A5D /* XCRemoteSwiftPackageReference "firebase-ios-sdk" */,
			);
			productRefGroup = 200;
			projectDirPath = "";
			projectRoot = "";
			targets = (
				300 /* PhotoSync */,
				T300 /* PhotoSyncTests */,
			);
		};
/* End PBXProject section */

/* Begin PBXResourcesBuildPhase section */
		302 /* Resources */ = {
			isa = PBXResourcesBuildPhase;
			buildActionMask = 2147483647;
			files = (
				003 /* Assets.xcassets in Resources */,
				DDD96A346BA2A8A75979D16A /* GoogleService-Info.plist in Resources */,
			);
			runOnlyForDeploymentPostprocessing = 0;
		};
/* End PBXResourcesBuildPhase section */

/* Begin PBXSourcesBuildPhase section */
		301 /* Sources */ = {
			isa = PBXSourcesBuildPhase;
			buildActionMask = 2147483647;
			files = (
				001 /* PhotoSyncApp.swift in Sources */,
				002 /* ContentView.swift in Sources */,
				004 /* Photo.swift in Sources */,
				005 /* SyncedPhoto.swift in Sources */,
				006 /* Settings.swift in Sources */,
				007 /* APIModels.swift in Sources */,
				008 /* PhotoLibraryService.swift in Sources */,
				009 /* APIService.swift in Sources */,
				010 /* SyncService.swift in Sources */,
				011 /* PersistenceController.swift in Sources */,
				012 /* PhotoSync.xcdatamodeld in Sources */,
				013 /* GalleryView.swift in Sources */,
				014 /* GalleryViewModel.swift in Sources */,
				015 /* SettingsView.swift in Sources */,
				016 /* SettingsViewModel.swift in Sources */,
				017 /* PhotoGridItem.swift in Sources */,
				018 /* SyncProgressView.swift in Sources */,
				019 /* HashService.swift in Sources */,
				251C4D0A8F4BFE0122CEEEBE /* Logger.swift in Sources */,
				01613EC47586276951EB5225 /* LogsView.swift in Sources */,
				C9F93724387E41977CA795AC /* CrashReportView.swift in Sources */,
				AACE4F2065BC38D06DF7815E /* IgnoredPhoto.swift in Sources */,
				E228E7E4BE8222916A072D5A /* PhotoCollection.swift in Sources */,
				A6E22313262E380E02CFB53A /* CollectionsView.swift in Sources */,
				41FD3E0C9D4BA2BBE9388B13 /* AppDelegate.swift in Sources */,
				EFAAC606454A8775376371B3 /* KeychainService.swift in Sources */,
				51E8C094DE4B61FB753A96E6 /* NotificationService.swift in Sources */,
				666FE7D5F37C28A61F404649 /* AuthRequestView.swift in Sources */,
				F30403FE4297D8869C8E7130 /* DeleteRequestView.swift in Sources */,
				0CECD8DD7FC44C78BCDCACE1 /* AutoSyncManager.swift in Sources */,
				AF88CE17B42F714FA1537B22 /* ServerPhotoService.swift in Sources */,
				B7A4E45BF8FC4937F81CCB45 /* ServerPhotosViewModel.swift in Sources */,
				05A1EC897CB38A41FA691785 /* ServerPhotosView.swift in Sources */,
			);
			runOnlyForDeploymentPostprocessing = 0;
		};
		T302 /* Sources */ = {
			isa = PBXSourcesBuildPhase;
			buildActionMask = 2147483647;
			files = (
				T001 /* SettingsViewModelTests.swift in Sources */,
				T002 /* SyncProgressTests.swift in Sources */,
				T003 /* APIModelsTests.swift in Sources */,
				T004 /* PhotoModelTests.swift in Sources */,
				T005 /* HashServiceTests.swift in Sources */,
			);
			runOnlyForDeploymentPostprocessing = 0;
		};
/* End PBXSourcesBuildPhase section */

/* Begin PBXTargetDependency section */
		T303 /* PBXTargetDependency */ = {
			isa = PBXTargetDependency;
			target = 300 /* PhotoSync */;
			targetProxy = T200 /* PBXContainerItemProxy */;
		};
/* End PBXTargetDependency section */

/* Begin XCBuildConfiguration section */
		600 /* Debug */ = {
			isa = XCBuildConfiguration;
			buildSettings = {
				ALWAYS_SEARCH_USER_PATHS = NO;
				ASSETCATALOG_COMPILER_APPICON_NAME = AppIcon;
				ASSETCATALOG_COMPILER_GENERATE_SWIFT_ASSET_SYMBOL_EXTENSIONS = YES;
				CLANG_ANALYZER_NONNULL = YES;
				CLANG_ENABLE_MODULES = YES;
				CLANG_ENABLE_OBJC_ARC = YES;
				CODE_SIGN_ENTITLEMENTS = PhotoSync/PhotoSync.entitlements;
				CODE_SIGN_IDENTITY = "Apple Development";
				CODE_SIGN_STYLE = Manual;
				COPY_PHASE_STRIP = NO;
				DEBUG_INFORMATION_FORMAT = dwarf;
				DEVELOPMENT_TEAM = DV94566H3R;
				ENABLE_STRICT_OBJC_MSGSEND = YES;
				ENABLE_TESTABILITY = YES;
				GCC_DYNAMIC_NO_PIC = NO;
				GCC_OPTIMIZATION_LEVEL = 0;
				GCC_PREPROCESSOR_DEFINITIONS = (
					"DEBUG=1",
					"$(inherited)",
				);
				GCC_WARN_ABOUT_RETURN_TYPE = YES_ERROR;
				GCC_WARN_UNINITIALIZED_AUTOS = YES_AGGRESSIVE;
				INFOPLIST_FILE = PhotoSync/Info.plist;
				IPHONEOS_DEPLOYMENT_TARGET = 17.0;
				MTL_ENABLE_DEBUG_INFO = INCLUDE_SOURCE;
				ONLY_ACTIVE_ARCH = YES;
				PRODUCT_BUNDLE_IDENTIFIER = com.morinclan.photosync.app;
				PRODUCT_NAME = "$(TARGET_NAME)";
				SDKROOT = iphoneos;
				SWIFT_ACTIVE_COMPILATION_CONDITIONS = DEBUG;
				SWIFT_OPTIMIZATION_LEVEL = "-Onone";
				SWIFT_VERSION = 5.0;
				TARGETED_DEVICE_FAMILY = "1,2";
			};
			name = Debug;
		};
		601 /* Release */ = {
			isa = XCBuildConfiguration;
			buildSettings = {
				ALWAYS_SEARCH_USER_PATHS = NO;
				ASSETCATALOG_COMPILER_APPICON_NAME = AppIcon;
				ASSETCATALOG_COMPILER_GENERATE_SWIFT_ASSET_SYMBOL_EXTENSIONS = YES;
				CLANG_ANALYZER_NONNULL = YES;
				CLANG_ENABLE_MODULES = YES;
				CLANG_ENABLE_OBJC_ARC = YES;
				CODE_SIGN_ENTITLEMENTS = PhotoSync/PhotoSync.entitlements;
				CODE_SIGN_IDENTITY = "Apple Distribution";
				CODE_SIGN_STYLE = Manual;
				COPY_PHASE_STRIP = NO;
				DEBUG_INFORMATION_FORMAT = "dwarf-with-dsym";
				DEVELOPMENT_TEAM = DV94566H3R;
				ENABLE_NS_ASSERTIONS = NO;
				ENABLE_STRICT_OBJC_MSGSEND = YES;
				GCC_WARN_ABOUT_RETURN_TYPE = YES_ERROR;
				GCC_WARN_UNINITIALIZED_AUTOS = YES_AGGRESSIVE;
				INFOPLIST_FILE = PhotoSync/Info.plist;
				IPHONEOS_DEPLOYMENT_TARGET = 17.0;
				MTL_ENABLE_DEBUG_INFO = NO;
				PRODUCT_BUNDLE_IDENTIFIER = com.morinclan.photosync.app;
				PRODUCT_NAME = "$(TARGET_NAME)";
				PROVISIONING_PROFILE = "0d246b8f-757c-42aa-9fe3-3813397d2fb4";
				PROVISIONING_PROFILE_SPECIFIER = "";
				SDKROOT = iphoneos;
				SWIFT_COMPILATION_MODE = wholemodule;
				SWIFT_OPTIMIZATION_LEVEL = "-O";
				SWIFT_VERSION = 5.0;
				TARGETED_DEVICE_FAMILY = "1,2";
				VALIDATE_PRODUCT = YES;
			};
			name = Release;
		};
		T600 /* Debug */ = {
			isa = XCBuildConfiguration;
			buildSettings = {
				ALWAYS_SEARCH_USER_PATHS = NO;
				BUNDLE_LOADER = "$(TEST_HOST)";
				CLANG_ENABLE_MODULES = YES;
				CODE_SIGN_STYLE = Automatic;
				COPY_PHASE_STRIP = NO;
				DEBUG_INFORMATION_FORMAT = dwarf;
				GCC_DYNAMIC_NO_PIC = NO;
				GCC_OPTIMIZATION_LEVEL = 0;
				INFOPLIST_FILE = PhotoSyncTests/Info.plist;
				IPHONEOS_DEPLOYMENT_TARGET = 17.0;
				ONLY_ACTIVE_ARCH = YES;
				PRODUCT_BUNDLE_IDENTIFIER = com.photosync.tests;
				PRODUCT_NAME = "$(TARGET_NAME)";
				SDKROOT = iphoneos;
				SWIFT_ACTIVE_COMPILATION_CONDITIONS = DEBUG;
				SWIFT_OPTIMIZATION_LEVEL = "-Onone";
				SWIFT_VERSION = 5.0;
				TARGETED_DEVICE_FAMILY = "1,2";
				TEST_HOST = "$(BUILT_PRODUCTS_DIR)/PhotoSync.app/$(BUNDLE_EXECUTABLE_FOLDER_PATH)/PhotoSync";
			};
			name = Debug;
		};
		T601 /* Release */ = {
			isa = XCBuildConfiguration;
			buildSettings = {
				ALWAYS_SEARCH_USER_PATHS = NO;
				BUNDLE_LOADER = "$(TEST_HOST)";
				CLANG_ENABLE_MODULES = YES;
				CODE_SIGN_STYLE = Automatic;
				COPY_PHASE_STRIP = NO;
				DEBUG_INFORMATION_FORMAT = "dwarf-with-dsym";
				INFOPLIST_FILE = PhotoSyncTests/Info.plist;
				IPHONEOS_DEPLOYMENT_TARGET = 17.0;
				PRODUCT_BUNDLE_IDENTIFIER = com.photosync.tests;
				PRODUCT_NAME = "$(TARGET_NAME)";
				SDKROOT = iphoneos;
				SWIFT_COMPILATION_MODE = wholemodule;
				SWIFT_OPTIMIZATION_LEVEL = "-O";
				SWIFT_VERSION = 5.0;
				TARGETED_DEVICE_FAMILY = "1,2";
				TEST_HOST = "$(BUILT_PRODUCTS_DIR)/PhotoSync.app/$(BUNDLE_EXECUTABLE_FOLDER_PATH)/PhotoSync";
				VALIDATE_PRODUCT = YES;
			};
			name = Release;
		};
/* End XCBuildConfiguration section */

/* Begin XCConfigurationList section */
		400 /* Build configuration list for PBXNativeTarget "PhotoSync" */ = {
			isa = XCConfigurationList;
			buildConfigurations = (
				600 /* Debug */,
				601 /* Release */,
			);
			defaultConfigurationIsVisible = 0;
			defaultConfigurationName = Release;
		};
		501 /* Build configuration list for PBXProject "PhotoSync" */ = {
			isa = XCConfigurationList;
			buildConfigurations = (
				600 /* Debug */,
				601 /* Release */,
			);
			defaultConfigurationIsVisible = 0;
			defaultConfigurationName = Release;
		};
		T400 /* Build configuration list for PBXNativeTarget "PhotoSyncTests" */ = {
			isa = XCConfigurationList;
			buildConfigurations = (
				T600 /* Debug */,
				T601 /* Release */,
			);
			defaultConfigurationIsVisible = 0;
			defaultConfigurationName = Release;
		};
/* End XCConfigurationList section */

/* Begin XCRemoteSwiftPackageReference section */
		FE3B10CF66F5582EEA092A5D /* XCRemoteSwiftPackageReference "firebase-ios-sdk" */ = {
			isa = XCRemoteSwiftPackageReference;
			repositoryURL = "https://github.com/firebase/firebase-ios-sdk";
			requirement = {
				kind = upToNextMajorVersion;
				minimumVersion = 11.0.0;
			};
		};
/* End XCRemoteSwiftPackageReference section */

/* Begin XCSwiftPackageProductDependency section */
		401C2F0F51DB6ED8498ADD65 /* FirebaseCore */ = {
			isa = XCSwiftPackageProductDependency;
			package = FE3B10CF66F5582EEA092A5D /* XCRemoteSwiftPackageReference "firebase-ios-sdk" */;
			productName = FirebaseCore;
		};
		56006064295AB90360215AC0 /* FirebaseMessaging */ = {
			isa = XCSwiftPackageProductDependency;
			package = FE3B10CF66F5582EEA092A5D /* XCRemoteSwiftPackageReference "firebase-ios-sdk" */;
			productName = FirebaseMessaging;
		};
/* End XCSwiftPackageProductDependency section */
	};
	rootObject = 500 /* Project object */;
}
